
Microsoft Visual Studio Solution File, Format Version 12.00
# Visual Studio Version 17
VisualStudioVersion = 17.4.33403.182
MinimumVisualStudioVersion = 10.0.40219.1
Project("{9A19103F-16F7-4668-BE54-9A1E7A4F7556}") = "UpSchool.Console", "UpSchool.Console\UpSchool.Console.csproj", "{20E20591-0A34-4CD0-B3D2-4053F7B7F0FC}"
EndProject
Project("{9A19103F-16F7-4668-BE54-9A1E7A4F7556}") = "UpSchool.Domain", "UpSchool.Domain\UpSchool.Domain.csproj", "{68F728BE-4860-46E2-8DE8-6BF9FE50629D}"
EndProject
Project("{9A19103F-16F7-4668-BE54-9A1E7A4F7556}") = "LuckySister.Console", "LuckySister.Console\LuckySister.Console.csproj", "{7B77D5EC-7A1D-4160-B343-6B973E72E2D6}"
EndProject
Project("{9A19103F-16F7-4668-BE54-9A1E7A4F7556}") = "UpSchool.Wasm", "UpSchool.Wasm\UpSchool.Wasm.csproj", "{7FCA8927-F4E7-4EF8-AD5F-9F3B16FA61F8}"
EndProject
Project("{FAE04EC0-301F-11D3-BF4B-00C04F79EFBC}") = "PasswordGenerator", "PasswordGenerator\PasswordGenerator.csproj", "{8820B0A9-F01A-4355-8093-913E787F51D5}"
EndProject
Global
	GlobalSection(SolutionConfigurationPlatforms) = preSolution
		Debug|Any CPU = Debug|Any CPU
		Release|Any CPU = Release|Any CPU
	EndGlobalSection
	GlobalSection(ProjectConfigurationPlatforms) = postSolution
		{20E20591-0A34-4CD0-B3D2-4053F7B7F0FC}.Debug|Any CPU.ActiveCfg = Debug|Any CPU
		{20E20591-0A34-4CD0-B3D2-4053F7B7F0FC}.Debug|Any CPU.Build.0 = Debug|Any CPU
		{20E20591-0A34-4CD0-B3D2-4053F7B7F0FC}.Release|Any CPU.ActiveCfg = Release|Any CPU
		{20E20591-0A34-4CD0-B3D2-4053F7B7F0FC}.Release|Any CPU.Build.0 = Release|Any CPU
		{68F728BE-4860-46E2-8DE8-6BF9FE50629D}.Debug|Any CPU.ActiveCfg = Debug|Any CPU
		{68F728BE-4860-46E2-8DE8-6BF9FE50629D}.Debug|Any CPU.Build.0 = Debug|Any CPU
		{68F728BE-4860-46E2-8DE8-6BF9FE50629D}.Release|Any CPU.ActiveCfg = Release|Any CPU
		{68F728BE-4860-46E2-8DE8-6BF9FE50629D}.Release|Any CPU.Build.0 = Release|Any CPU
		{7B77D5EC-7A1D-4160-B343-6B973E72E2D6}.Debug|Any CPU.ActiveCfg = Debug|Any CPU
		{7B77D5EC-7A1D-4160-B343-6B973E72E2D6}.Debug|Any CPU.Build.0 = Debug|Any CPU
		{7B77D5EC-7A1D-4160-B343-6B973E72E2D6}.Release|Any CPU.ActiveCfg = Release|Any CPU
		{7B77D5EC-7A1D-4160-B343-6B973E72E2D6}.Release|Any CPU.Build.0 = Release|Any CPU
		{7FCA8927-F4E7-4EF8-AD5F-9F3B16FA61F8}.Debug|Any CPU.ActiveCfg = Debug|Any CPU
		{7FCA8927-F4E7-4EF8-AD5F-9F3B16FA61F8}.Debug|Any CPU.Build.0 = Debug|Any CPU
		{7FCA8927-F4E7-4EF8-AD5F-9F3B16FA61F8}.Release|Any CPU.ActiveCfg = Release|Any CPU
		{7FCA8927-F4E7-4EF8-AD5F-9F3B16FA61F8}.Release|Any CPU.Build.0 = Release|Any CPU
		{8820B0A9-F01A-4355-8093-913E787F51D5}.Debug|Any CPU.ActiveCfg = Debug|Any CPU
		{8820B0A9-F01A-4355-8093-913E787F51D5}.Debug|Any CPU.Build.0 = Debug|Any CPU
		{8820B0A9-F01A-4355-8093-913E787F51D5}.Release|Any CPU.ActiveCfg = Release|Any CPU
		{8820B0A9-F01A-4355-8093-913E787F51D5}.Release|Any CPU.Build.0 = Release|Any CPU
	EndGlobalSection
	GlobalSection(SolutionProperties) = preSolution
		HideSolutionNode = FALSE
	EndGlobalSection
	GlobalSection(ExtensibilityGlobals) = postSolution
		SolutionGuid = {77F586CE-5772-449E-B723-5411BAEDA075}
	EndGlobalSection
EndGlobal
